// !$*UTF8*$!
{
	archiveVersion = 1;
	classes = {
	};
	objectVersion = 46;
	objects = {

/* Begin PBXBuildFile section */
		63CBD0DB1F0DC3D8001970C0 /* AppDelegate.swift in Sources */ = {isa = PBXBuildFile; fileRef = 63CBD0DA1F0DC3D8001970C0 /* AppDelegate.swift */; };
		63CBD0DD1F0DC3D8001970C0 /* ViewController.swift in Sources */ = {isa = PBXBuildFile; fileRef = 63CBD0DC1F0DC3D8001970C0 /* ViewController.swift */; };
		63CBD0E01F0DC3D8001970C0 /* Main.storyboard in Resources */ = {isa = PBXBuildFile; fileRef = 63CBD0DE1F0DC3D8001970C0 /* Main.storyboard */; };
		63CBD0E21F0DC3D8001970C0 /* Assets.xcassets in Resources */ = {isa = PBXBuildFile; fileRef = 63CBD0E11F0DC3D8001970C0 /* Assets.xcassets */; };
		63CBD0E51F0DC3D8001970C0 /* LaunchScreen.storyboard in Resources */ = {isa = PBXBuildFile; fileRef = 63CBD0E31F0DC3D8001970C0 /* LaunchScreen.storyboard */; };
		63CBD0F01F0DC3D8001970C0 /* CalligraphyClockExampleTests.swift in Sources */ = {isa = PBXBuildFile; fileRef = 63CBD0EF1F0DC3D8001970C0 /* CalligraphyClockExampleTests.swift */; };
/* End PBXBuildFile section */

/* Begin PBXContainerItemProxy section */
		63CBD0EC1F0DC3D8001970C0 /* PBXContainerItemProxy */ = {
			isa = PBXContainerItemProxy;
			containerPortal = 63CBD0CF1F0DC3D8001970C0 /* Project object */;
			proxyType = 1;
			remoteGlobalIDString = 63CBD0D61F0DC3D8001970C0;
			remoteInfo = CalligraphyClockExample;
		};
/* End PBXContainerItemProxy section */

/* Begin PBXFileReference section */
		63CBD0D71F0DC3D8001970C0 /* CalligraphyClockExample.app */ = {isa = PBXFileReference; explicitFileType = wrapper.application; includeInIndex = 0; path = CalligraphyClockExample.app; sourceTree = BUILT_PRODUCTS_DIR; };
		63CBD0DA1F0DC3D8001970C0 /* AppDelegate.swift */ = {isa = PBXFileReference; lastKnownFileType = sourcecode.swift; path = AppDelegate.swift; sourceTree = "<group>"; };
		63CBD0DC1F0DC3D8001970C0 /* ViewController.swift */ = {isa = PBXFileReference; lastKnownFileType = sourcecode.swift; path = ViewController.swift; sourceTree = "<group>"; };
		63CBD0DF1F0DC3D8001970C0 /* Base */ = {isa = PBXFileReference; lastKnownFileType = file.storyboard; name = Base; path = Base.lproj/Main.storyboard; sourceTree = "<group>"; };
		63CBD0E11F0DC3D8001970C0 /* Assets.xcassets */ = {isa = PBXFileReference; lastKnownFileType = folder.assetcatalog; path = Assets.xcassets; sourceTree = "<group>"; };
		63CBD0E41F0DC3D8001970C0 /* Base */ = {isa = PBXFileReference; lastKnownFileType = file.storyboard; name = Base; path = Base.lproj/LaunchScreen.storyboard; sourceTree = "<group>"; };
		63CBD0E61F0DC3D8001970C0 /* Info.plist */ = {isa = PBXFileReference; lastKnownFileType = text.plist.xml; path = Info.plist; sourceTree = "<group>"; };
		63CBD0EB1F0DC3D8001970C0 /* CalligraphyClockExampleTests.xctest */ = {isa = PBXFileReference; explicitFileType = wrapper.cfbundle; includeInIndex = 0; path = CalligraphyClockExampleTests.xctest; sourceTree = BUILT_PRODUCTS_DIR; };
		63CBD0EF1F0DC3D8001970C0 /* CalligraphyClockExampleTests.swift */ = {isa = PBXFileReference; lastKnownFileType = sourcecode.swift; path = CalligraphyClockExampleTests.swift; sourceTree = "<group>"; };
		63CBD0F11F0DC3D8001970C0 /* Info.plist */ = {isa = PBXFileReference; lastKnownFileType = text.plist.xml; path = Info.plist; sourceTree = "<group>"; };
/* End PBXFileReference section */

/* Begin PBXFrameworksBuildPhase section */
		63CBD0D41F0DC3D8001970C0 /* Frameworks */ = {
			isa = PBXFrameworksBuildPhase;
			buildActionMask = 2147483647;
			files = (
			);
			runOnlyForDeploymentPostprocessing = 0;
		};
		63CBD0E81F0DC3D8001970C0 /* Frameworks */ = {
			isa = PBXFrameworksBuildPhase;
			buildActionMask = 2147483647;
			files = (
			);
			runOnlyForDeploymentPostprocessing = 0;
		};
/* End PBXFrameworksBuildPhase section */

/* Begin PBXGroup section */
		63CBD0CE1F0DC3D8001970C0 = {
			isa = PBXGroup;
			children = (
				63CBD0D91F0DC3D8001970C0 /* CalligraphyClockExample */,
				63CBD0EE1F0DC3D8001970C0 /* CalligraphyClockExampleTests */,
				63CBD0D81F0DC3D8001970C0 /* Products */,
			);
			sourceTree = "<group>";
		};
		63CBD0D81F0DC3D8001970C0 /* Products */ = {
			isa = PBXGroup;
			children = (
				63CBD0D71F0DC3D8001970C0 /* CalligraphyClockExample.app */,
				63CBD0EB1F0DC3D8001970C0 /* CalligraphyClockExampleTests.xctest */,
			);
			name = Products;
			sourceTree = "<group>";
		};
		63CBD0D91F0DC3D8001970C0 /* CalligraphyClockExample */ = {
			isa = PBXGroup;
			children = (
				63CBD0DA1F0DC3D8001970C0 /* AppDelegate.swift */,
				63CBD0DC1F0DC3D8001970C0 /* ViewController.swift */,
				63CBD0DE1F0DC3D8001970C0 /* Main.storyboard */,
				63CBD0E11F0DC3D8001970C0 /* Assets.xcassets */,
				63CBD0E31F0DC3D8001970C0 /* LaunchScreen.storyboard */,
				63CBD0E61F0DC3D8001970C0 /* Info.plist */,
			);
			path = CalligraphyClockExample;
			sourceTree = "<group>";
		};
		63CBD0EE1F0DC3D8001970C0 /* CalligraphyClockExampleTests */ = {
			isa = PBXGroup;
			children = (
				63CBD0EF1F0DC3D8001970C0 /* CalligraphyClockExampleTests.swift */,
				63CBD0F11F0DC3D8001970C0 /* Info.plist */,
			);
			path = CalligraphyClockExampleTests;
			sourceTree = "<group>";
		};
/* End PBXGroup section */

/* Begin PBXNativeTarget section */
		63CBD0D61F0DC3D8001970C0 /* CalligraphyClockExample */ = {
			isa = PBXNativeTarget;
			buildConfigurationList = 63CBD0F41F0DC3D8001970C0 /* Build configuration list for PBXNativeTarget "CalligraphyClockExample" */;
			buildPhases = (
				63CBD0D31F0DC3D8001970C0 /* Sources */,
				63CBD0D41F0DC3D8001970C0 /* Frameworks */,
				63CBD0D51F0DC3D8001970C0 /* Resources */,
			);
			buildRules = (
			);
			dependencies = (
			);
			name = CalligraphyClockExample;
			productName = CalligraphyClockExample;
			productReference = 63CBD0D71F0DC3D8001970C0 /* CalligraphyClockExample.app */;
			productType = "com.apple.product-type.application";
		};
		63CBD0EA1F0DC3D8001970C0 /* CalligraphyClockExampleTests */ = {
			isa = PBXNativeTarget;
			buildConfigurationList = 63CBD0F71F0DC3D8001970C0 /* Build configuration list for PBXNativeTarget "CalligraphyClockExampleTests" */;
			buildPhases = (
				63CBD0E71F0DC3D8001970C0 /* Sources */,
				63CBD0E81F0DC3D8001970C0 /* Frameworks */,
				63CBD0E91F0DC3D8001970C0 /* Resources */,
			);
			buildRules = (
			);
			dependencies = (
				63CBD0ED1F0DC3D8001970C0 /* PBXTargetDependency */,
			);
			name = CalligraphyClockExampleTests;
			productName = CalligraphyClockExampleTests;
			productReference = 63CBD0EB1F0DC3D8001970C0 /* CalligraphyClockExampleTests.xctest */;
			productType = "com.apple.product-type.bundle.unit-test";
		};
/* End PBXNativeTarget section */

/* Begin PBXProject section */
		63CBD0CF1F0DC3D8001970C0 /* Project object */ = {
			isa = PBXProject;
			attributes = {
				LastSwiftUpdateCheck = 0830;
				LastUpgradeCheck = 0830;
				ORGANIZATIONNAME = kanziw;
				TargetAttributes = {
					63CBD0D61F0DC3D8001970C0 = {
						CreatedOnToolsVersion = 8.3.2;
						ProvisioningStyle = Automatic;
					};
					63CBD0EA1F0DC3D8001970C0 = {
						CreatedOnToolsVersion = 8.3.2;
						ProvisioningStyle = Automatic;
						TestTargetID = 63CBD0D61F0DC3D8001970C0;
					};
				};
			};
			buildConfigurationList = 63CBD0D21F0DC3D8001970C0 /* Build configuration list for PBXProject "CalligraphyClockExample" */;
			compatibilityVersion = "Xcode 3.2";
			developmentRegion = English;
			hasScannedForEncodings = 0;
			knownRegions = (
				en,
				Base,
			);
			mainGroup = 63CBD0CE1F0DC3D8001970C0;
			productRefGroup = 63CBD0D81F0DC3D8001970C0 /* Products */;
			projectDirPath = "";
			projectRoot = "";
			targets = (
				63CBD0D61F0DC3D8001970C0 /* CalligraphyClockExample */,
				63CBD0EA1F0DC3D8001970C0 /* CalligraphyClockExampleTests */,
			);
		};
/* End PBXProject section */

/* Begin PBXResourcesBuildPhase section */
		63CBD0D51F0DC3D8001970C0 /* Resources */ = {
			isa = PBXResourcesBuildPhase;
			buildActionMask = 2147483647;
			files = (
				63CBD0E51F0DC3D8001970C0 /* LaunchScreen.storyboard in Resources */,
				63CBD0E21F0DC3D8001970C0 /* Assets.xcassets in Resources */,
				63CBD0E01F0DC3D8001970C0 /* Main.storyboard in Resources */,
			);
			runOnlyForDeploymentPostprocessing = 0;
		};
		63CBD0E91F0DC3D8001970C0 /* Resources */ = {
			isa = PBXResourcesBuildPhase;
			buildActionMask = 2147483647;
			files = (
			);
			runOnlyForDeploymentPostprocessing = 0;
		};
/* End PBXResourcesBuildPhase section */

/* Begin PBXSourcesBuildPhase section */
		63CBD0D31F0DC3D8001970C0 /* Sources */ = {
			isa = PBXSourcesBuildPhase;
			buildActionMask = 2147483647;
			files = (
				63CBD0DD1F0DC3D8001970C0 /* ViewController.swift in Sources */,
				63CBD0DB1F0DC3D8001970C0 /* AppDelegate.swift in Sources */,
			);
			runOnlyForDeploymentPostprocessing = 0;
		};
		63CBD0E71F0DC3D8001970C0 /* Sources */ = {
			isa = PBXSourcesBuildPhase;
			buildActionMask = 2147483647;
			files = (
				63CBD0F01F0DC3D8001970C0 /* CalligraphyClockExampleTests.swift in Sources */,
			);
			runOnlyForDeploymentPostprocessing = 0;
		};
/* End PBXSourcesBuildPhase section */

/* Begin PBXTargetDependency section */
		63CBD0ED1F0DC3D8001970C0 /* PBXTargetDependency */ = {
			isa = PBXTargetDependency;
			target = 63CBD0D61F0DC3D8001970C0 /* CalligraphyClockExample */;
			targetProxy = 63CBD0EC1F0DC3D8001970C0 /* PBXContainerItemProxy */;
		};
/* End PBXTargetDependency section */

/* Begin PBXVariantGroup section */
		63CBD0DE1F0DC3D8001970C0 /* Main.storyboard */ = {
			isa = PBXVariantGroup;
			children = (
				63CBD0DF1F0DC3D8001970C0 /* Base */,
			);
			name = Main.storyboard;
			sourceTree = "<group>";
		};
		63CBD0E31F0DC3D8001970C0 /* LaunchScreen.storyboard */ = {
			isa = PBXVariantGroup;
			children = (
				63CBD0E41F0DC3D8001970C0 /* Base */,
			);
			name = LaunchScreen.storyboard;
			sourceTree = "<group>";
		};
/* End PBXVariantGroup section */

/* Begin XCBuildConfiguration section */
		63CBD0F21F0DC3D8001970C0 /* Debug */ = {
			isa = XCBuildConfiguration;
			buildSettings = {
				ALWAYS_SEARCH_USER_PATHS = NO;
				CLANG_ANALYZER_NONNULL = YES;
				CLANG_ANALYZER_NUMBER_OBJECT_CONVERSION = YES_AGGRESSIVE;
				CLANG_CXX_LANGUAGE_STANDARD = "gnu++0x";
				CLANG_CXX_LIBRARY = "libc++";
				CLANG_ENABLE_MODULES = YES;
				CLANG_ENABLE_OBJC_ARC = YES;
				CLANG_WARN_BOOL_CONVERSION = YES;
				CLANG_WARN_CONSTANT_CONVERSION = YES;
				CLANG_WARN_DIRECT_OBJC_ISA_USAGE = YES_ERROR;
				CLANG_WARN_DOCUMENTATION_COMMENTS = YES;
				CLANG_WARN_EMPTY_BODY = YES;
				CLANG_WARN_ENUM_CONVERSION = YES;
				CLANG_WARN_INFINITE_RECURSION = YES;
				CLANG_WARN_INT_CONVERSION = YES;
				CLANG_WARN_OBJC_ROOT_CLASS = YES_ERROR;
				CLANG_WARN_SUSPICIOUS_MOVE = YES;
				CLANG_WARN_UNREACHABLE_CODE = YES;
				CLANG_WARN__DUPLICATE_METHOD_MATCH = YES;
				"CODE_SIGN_IDENTITY[sdk=iphoneos*]" = "iPhone Developer";
				COPY_PHASE_STRIP = NO;
				DEBUG_INFORMATION_FORMAT = dwarf;
				ENABLE_STRICT_OBJC_MSGSEND = YES;
				ENABLE_TESTABILITY = YES;
				GCC_C_LANGUAGE_STANDARD = gnu99;
				GCC_DYNAMIC_NO_PIC = NO;
				GCC_NO_COMMON_BLOCKS = YES;
				GCC_OPTIMIZATION_LEVEL = 0;
				GCC_PREPROCESSOR_DEFINITIONS = (
					"DEBUG=1",
					"$(inherited)",
				);
				GCC_WARN_64_TO_32_BIT_CONVERSION = YES;
				GCC_WARN_ABOUT_RETURN_TYPE = YES_ERROR;
				GCC_WARN_UNDECLARED_SELECTOR = YES;
				GCC_WARN_UNINITIALIZED_AUTOS = YES_AGGRESSIVE;
				GCC_WARN_UNUSED_FUNCTION = YES;
				GCC_WARN_UNUSED_VARIABLE = YES;
				IPHONEOS_DEPLOYMENT_TARGET = 10.3;
				MTL_ENABLE_DEBUG_INFO = YES;
				ONLY_ACTIVE_ARCH = YES;
				SDKROOT = iphoneos;
				SWIFT_ACTIVE_COMPILATION_CONDITIONS = DEBUG;
				SWIFT_OPTIMIZATION_LEVEL = "-Onone";
				TARGETED_DEVICE_FAMILY = "1,2";
			};
			name = Debug;
		};
		63CBD0F31F0DC3D8001970C0 /* Release */ = {
			isa = XCBuildConfiguration;
			buildSettings = {
				ALWAYS_SEARCH_USER_PATHS = NO;
				CLANG_ANALYZER_NONNULL = YES;
				CLANG_ANALYZER_NUMBER_OBJECT_CONVERSION = YES_AGGRESSIVE;
				CLANG_CXX_LANGUAGE_STANDARD = "gnu++0x";
				CLANG_CXX_LIBRARY = "libc++";
				CLANG_ENABLE_MODULES = YES;
				CLANG_ENABLE_OBJC_ARC = YES;
				CLANG_WARN_BOOL_CONVERSION = YES;
				CLANG_WARN_CONSTANT_CONVERSION = YES;
				CLANG_WARN_DIRECT_OBJC_ISA_USAGE = YES_ERROR;
				CLANG_WARN_DOCUMENTATION_COMMENTS = YES;
				CLANG_WARN_EMPTY_BODY = YES;
				CLANG_WARN_ENUM_CONVERSION = YES;
				CLANG_WARN_INFINITE_RECURSION = YES;
				CLANG_WARN_INT_CONVERSION = YES;
				CLANG_WARN_OBJC_ROOT_CLASS = YES_ERROR;
				CLANG_WARN_SUSPICIOUS_MOVE = YES;
				CLANG_WARN_UNREACHABLE_CODE = YES;
				CLANG_WARN__DUPLICATE_METHOD_MATCH = YES;
				"CODE_SIGN_IDENTITY[sdk=iphoneos*]" = "iPhone Developer";
				COPY_PHASE_STRIP = NO;
				DEBUG_INFORMATION_FORMAT = "dwarf-with-dsym";
				ENABLE_NS_ASSERTIONS = NO;
				ENABLE_STRICT_OBJC_MSGSEND = YES;
				GCC_C_LANGUAGE_STANDARD = gnu99;
				GCC_NO_COMMON_BLOCKS = YES;
				GCC_WARN_64_TO_32_BIT_CONVERSION = YES;
				GCC_WARN_ABOUT_RETURN_TYPE = YES_ERROR;
				GCC_WARN_UNDECLARED_SELECTOR = YES;
				GCC_WARN_UNINITIALIZED_AUTOS = YES_AGGRESSIVE;
				GCC_WARN_UNUSED_FUNCTION = YES;
				GCC_WARN_UNUSED_VARIABLE = YES;
				IPHONEOS_DEPLOYMENT_TARGET = 10.3;
				MTL_ENABLE_DEBUG_INFO = NO;
				SDKROOT = iphoneos;
				SWIFT_OPTIMIZATION_LEVEL = "-Owholemodule";
				TARGETED_DEVICE_FAMILY = "1,2";
				VALIDATE_PRODUCT = YES;
			};
			name = Release;
		};
		63CBD0F51F0DC3D8001970C0 /* Debug */ = {
			isa = XCBuildConfiguration;
			buildSettings = {
				ASSETCATALOG_COMPILER_APPICON_NAME = AppIcon;
				INFOPLIST_FILE = CalligraphyClockExample/Info.plist;
				LD_RUNPATH_SEARCH_PATHS = "$(inherited) @executable_path/Frameworks";
				PRODUCT_BUNDLE_IDENTIFIER = com.kanziw.CalligraphyClockExample;
				PRODUCT_NAME = "$(TARGET_NAME)";
				SWIFT_VERSION = 3.0;
			};
			name = Debug;
		};
		63CBD0F61F0DC3D8001970C0 /* Release */ = {
			isa = XCBuildConfiguration;
			buildSettings = {
				ASSETCATALOG_COMPILER_APPICON_NAME = AppIcon;
				INFOPLIST_FILE = CalligraphyClockExample/Info.plist;
				LD_RUNPATH_SEARCH_PATHS = "$(inherited) @executable_path/Frameworks";
				PRODUCT_BUNDLE_IDENTIFIER = com.kanziw.CalligraphyClockExample;
				PRODUCT_NAME = "$(TARGET_NAME)";
				SWIFT_VERSION = 3.0;
			};
			name = Release;
		};
		63CBD0F81F0DC3D8001970C0 /* Debug */ = {
			isa = XCBuildConfiguration;
			buildSettings = {
				ALWAYS_EMBED_SWIFT_STANDARD_LIBRARIES = YES;
				BUNDLE_LOADER = "$(TEST_HOST)";
				INFOPLIST_FILE = CalligraphyClockExampleTests/Info.plist;
				LD_RUNPATH_SEARCH_PATHS = "$(inherited) @executable_path/Frameworks @loader_path/Frameworks";
				PRODUCT_BUNDLE_IDENTIFIER = com.kanziw.CalligraphyClockExampleTests;
				PRODUCT_NAME = "$(TARGET_NAME)";
				SWIFT_VERSION = 3.0;
				TEST_HOST = "$(BUILT_PRODUCTS_DIR)/CalligraphyClockExample.app/CalligraphyClockExample";
			};
			name = Debug;
		};
		63CBD0F91F0DC3D8001970C0 /* Release */ = {
			isa = XCBuildConfiguration;
			buildSettings = {
				ALWAYS_EMBED_SWIFT_STANDARD_LIBRARIES = YES;
				BUNDLE_LOADER = "$(TEST_HOST)";
				INFOPLIST_FILE = CalligraphyClockExampleTests/Info.plist;
				LD_RUNPATH_SEARCH_PATHS = "$(inherited) @executable_path/Frameworks @loader_path/Frameworks";
				PRODUCT_BUNDLE_IDENTIFIER = com.kanziw.CalligraphyClockExampleTests;
				PRODUCT_NAME = "$(TARGET_NAME)";
				SWIFT_VERSION = 3.0;
				TEST_HOST = "$(BUILT_PRODUCTS_DIR)/CalligraphyClockExample.app/CalligraphyClockExample";
			};
			name = Release;
		};
/* End XCBuildConfiguration section */

/* Begin XCConfigurationList section */
		63CBD0D21F0DC3D8001970C0 /* Build configuration list for PBXProject "CalligraphyClockExample" */ = {
			isa = XCConfigurationList;
			buildConfigurations = (
				63CBD0F21F0DC3D8001970C0 /* Debug */,
				63CBD0F31F0DC3D8001970C0 /* Release */,
			);
			defaultConfigurationIsVisible = 0;
			defaultConfigurationName = Release;
		};
		63CBD0F41F0DC3D8001970C0 /* Build configuration list for PBXNativeTarget "CalligraphyClockExample" */ = {
			isa = XCConfigurationList;
			buildConfigurations = (
				63CBD0F51F0DC3D8001970C0 /* Debug */,
				63CBD0F61F0DC3D8001970C0 /* Release */,
			);
			defaultConfigurationIsVisible = 0;
		};
		63CBD0F71F0DC3D8001970C0 /* Build configuration list for PBXNativeTarget "CalligraphyClockExampleTests" */ = {
			isa = XCConfigurationList;
			buildConfigurations = (
				63CBD0F81F0DC3D8001970C0 /* Debug */,
				63CBD0F91F0DC3D8001970C0 /* Release */,
			);
			defaultConfigurationIsVisible = 0;
		};
/* End XCConfigurationList section */
	};
	rootObject = 63CBD0CF1F0DC3D8001970C0 /* Project object */;
}
