// !$*UTF8*$!
{
	archiveVersion = 1;
	classes = {
	};
	objectVersion = 46;
	objects = {

/* Begin PBXBuildFile section */
		63C588F11EEF6B7600A3A0D4 /* AppDelegate.swift in Sources */ = {isa = PBXBuildFile; fileRef = 63C588F01EEF6B7600A3A0D4 /* AppDelegate.swift */; };
		63C588F31EEF6B7600A3A0D4 /* ViewController.swift in Sources */ = {isa = PBXBuildFile; fileRef = 63C588F21EEF6B7600A3A0D4 /* ViewController.swift */; };
		63C588F61EEF6B7600A3A0D4 /* Main.storyboard in Resources */ = {isa = PBXBuildFile; fileRef = 63C588F41EEF6B7600A3A0D4 /* Main.storyboard */; };
		63C588F81EEF6B7600A3A0D4 /* Assets.xcassets in Resources */ = {isa = PBXBuildFile; fileRef = 63C588F71EEF6B7600A3A0D4 /* Assets.xcassets */; };
		63C588FB1EEF6B7600A3A0D4 /* LaunchScreen.storyboard in Resources */ = {isa = PBXBuildFile; fileRef = 63C588F91EEF6B7600A3A0D4 /* LaunchScreen.storyboard */; };
		63C589061EEF6B7600A3A0D4 /* FirstProjectTests.swift in Sources */ = {isa = PBXBuildFile; fileRef = 63C589051EEF6B7600A3A0D4 /* FirstProjectTests.swift */; };
		63C589111EEF6B7600A3A0D4 /* FirstProjectUITests.swift in Sources */ = {isa = PBXBuildFile; fileRef = 63C589101EEF6B7600A3A0D4 /* FirstProjectUITests.swift */; };
/* End PBXBuildFile section */

/* Begin PBXContainerItemProxy section */
		63C589021EEF6B7600A3A0D4 /* PBXContainerItemProxy */ = {
			isa = PBXContainerItemProxy;
			containerPortal = 63C588E51EEF6B7600A3A0D4 /* Project object */;
			proxyType = 1;
			remoteGlobalIDString = 63C588EC1EEF6B7600A3A0D4;
			remoteInfo = FirstProject;
		};
		63C5890D1EEF6B7600A3A0D4 /* PBXContainerItemProxy */ = {
			isa = PBXContainerItemProxy;
			containerPortal = 63C588E51EEF6B7600A3A0D4 /* Project object */;
			proxyType = 1;
			remoteGlobalIDString = 63C588EC1EEF6B7600A3A0D4;
			remoteInfo = FirstProject;
		};
/* End PBXContainerItemProxy section */

/* Begin PBXFileReference section */
		63C588ED1EEF6B7600A3A0D4 /* FirstProject.app */ = {isa = PBXFileReference; explicitFileType = wrapper.application; includeInIndex = 0; path = FirstProject.app; sourceTree = BUILT_PRODUCTS_DIR; };
		63C588F01EEF6B7600A3A0D4 /* AppDelegate.swift */ = {isa = PBXFileReference; lastKnownFileType = sourcecode.swift; path = AppDelegate.swift; sourceTree = "<group>"; };
		63C588F21EEF6B7600A3A0D4 /* ViewController.swift */ = {isa = PBXFileReference; lastKnownFileType = sourcecode.swift; path = ViewController.swift; sourceTree = "<group>"; };
		63C588F51EEF6B7600A3A0D4 /* Base */ = {isa = PBXFileReference; lastKnownFileType = file.storyboard; name = Base; path = Base.lproj/Main.storyboard; sourceTree = "<group>"; };
		63C588F71EEF6B7600A3A0D4 /* Assets.xcassets */ = {isa = PBXFileReference; lastKnownFileType = folder.assetcatalog; path = Assets.xcassets; sourceTree = "<group>"; };
		63C588FA1EEF6B7600A3A0D4 /* Base */ = {isa = PBXFileReference; lastKnownFileType = file.storyboard; name = Base; path = Base.lproj/LaunchScreen.storyboard; sourceTree = "<group>"; };
		63C588FC1EEF6B7600A3A0D4 /* Info.plist */ = {isa = PBXFileReference; lastKnownFileType = text.plist.xml; path = Info.plist; sourceTree = "<group>"; };
		63C589011EEF6B7600A3A0D4 /* FirstProjectTests.xctest */ = {isa = PBXFileReference; explicitFileType = wrapper.cfbundle; includeInIndex = 0; path = FirstProjectTests.xctest; sourceTree = BUILT_PRODUCTS_DIR; };
		63C589051EEF6B7600A3A0D4 /* FirstProjectTests.swift */ = {isa = PBXFileReference; lastKnownFileType = sourcecode.swift; path = FirstProjectTests.swift; sourceTree = "<group>"; };
		63C589071EEF6B7600A3A0D4 /* Info.plist */ = {isa = PBXFileReference; lastKnownFileType = text.plist.xml; path = Info.plist; sourceTree = "<group>"; };
		63C5890C1EEF6B7600A3A0D4 /* FirstProjectUITests.xctest */ = {isa = PBXFileReference; explicitFileType = wrapper.cfbundle; includeInIndex = 0; path = FirstProjectUITests.xctest; sourceTree = BUILT_PRODUCTS_DIR; };
		63C589101EEF6B7600A3A0D4 /* FirstProjectUITests.swift */ = {isa = PBXFileReference; lastKnownFileType = sourcecode.swift; path = FirstProjectUITests.swift; sourceTree = "<group>"; };
		63C589121EEF6B7600A3A0D4 /* Info.plist */ = {isa = PBXFileReference; lastKnownFileType = text.plist.xml; path = Info.plist; sourceTree = "<group>"; };
/* End PBXFileReference section */

/* Begin PBXFrameworksBuildPhase section */
		63C588EA1EEF6B7600A3A0D4 /* Frameworks */ = {
			isa = PBXFrameworksBuildPhase;
			buildActionMask = 2147483647;
			files = (
			);
			runOnlyForDeploymentPostprocessing = 0;
		};
		63C588FE1EEF6B7600A3A0D4 /* Frameworks */ = {
			isa = PBXFrameworksBuildPhase;
			buildActionMask = 2147483647;
			files = (
			);
			runOnlyForDeploymentPostprocessing = 0;
		};
		63C589091EEF6B7600A3A0D4 /* Frameworks */ = {
			isa = PBXFrameworksBuildPhase;
			buildActionMask = 2147483647;
			files = (
			);
			runOnlyForDeploymentPostprocessing = 0;
		};
/* End PBXFrameworksBuildPhase section */

/* Begin PBXGroup section */
		63C588E41EEF6B7600A3A0D4 = {
			isa = PBXGroup;
			children = (
				63C588EF1EEF6B7600A3A0D4 /* FirstProject */,
				63C589041EEF6B7600A3A0D4 /* FirstProjectTests */,
				63C5890F1EEF6B7600A3A0D4 /* FirstProjectUITests */,
				63C588EE1EEF6B7600A3A0D4 /* Products */,
			);
			sourceTree = "<group>";
		};
		63C588EE1EEF6B7600A3A0D4 /* Products */ = {
			isa = PBXGroup;
			children = (
				63C588ED1EEF6B7600A3A0D4 /* FirstProject.app */,
				63C589011EEF6B7600A3A0D4 /* FirstProjectTests.xctest */,
				63C5890C1EEF6B7600A3A0D4 /* FirstProjectUITests.xctest */,
			);
			name = Products;
			sourceTree = "<group>";
		};
		63C588EF1EEF6B7600A3A0D4 /* FirstProject */ = {
			isa = PBXGroup;
			children = (
				63C588F01EEF6B7600A3A0D4 /* AppDelegate.swift */,
				63C588F21EEF6B7600A3A0D4 /* ViewController.swift */,
				63C588F41EEF6B7600A3A0D4 /* Main.storyboard */,
				63C588F71EEF6B7600A3A0D4 /* Assets.xcassets */,
				63C588F91EEF6B7600A3A0D4 /* LaunchScreen.storyboard */,
				63C588FC1EEF6B7600A3A0D4 /* Info.plist */,
			);
			path = FirstProject;
			sourceTree = "<group>";
		};
		63C589041EEF6B7600A3A0D4 /* FirstProjectTests */ = {
			isa = PBXGroup;
			children = (
				63C589051EEF6B7600A3A0D4 /* FirstProjectTests.swift */,
				63C589071EEF6B7600A3A0D4 /* Info.plist */,
			);
			path = FirstProjectTests;
			sourceTree = "<group>";
		};
		63C5890F1EEF6B7600A3A0D4 /* FirstProjectUITests */ = {
			isa = PBXGroup;
			children = (
				63C589101EEF6B7600A3A0D4 /* FirstProjectUITests.swift */,
				63C589121EEF6B7600A3A0D4 /* Info.plist */,
			);
			path = FirstProjectUITests;
			sourceTree = "<group>";
		};
/* End PBXGroup section */

/* Begin PBXNativeTarget section */
		63C588EC1EEF6B7600A3A0D4 /* FirstProject */ = {
			isa = PBXNativeTarget;
			buildConfigurationList = 63C589151EEF6B7600A3A0D4 /* Build configuration list for PBXNativeTarget "FirstProject" */;
			buildPhases = (
				63C588E91EEF6B7600A3A0D4 /* Sources */,
				63C588EA1EEF6B7600A3A0D4 /* Frameworks */,
				63C588EB1EEF6B7600A3A0D4 /* Resources */,
			);
			buildRules = (
			);
			dependencies = (
			);
			name = FirstProject;
			productName = FirstProject;
			productReference = 63C588ED1EEF6B7600A3A0D4 /* FirstProject.app */;
			productType = "com.apple.product-type.application";
		};
		63C589001EEF6B7600A3A0D4 /* FirstProjectTests */ = {
			isa = PBXNativeTarget;
			buildConfigurationList = 63C589181EEF6B7600A3A0D4 /* Build configuration list for PBXNativeTarget "FirstProjectTests" */;
			buildPhases = (
				63C588FD1EEF6B7600A3A0D4 /* Sources */,
				63C588FE1EEF6B7600A3A0D4 /* Frameworks */,
				63C588FF1EEF6B7600A3A0D4 /* Resources */,
			);
			buildRules = (
			);
			dependencies = (
				63C589031EEF6B7600A3A0D4 /* PBXTargetDependency */,
			);
			name = FirstProjectTests;
			productName = FirstProjectTests;
			productReference = 63C589011EEF6B7600A3A0D4 /* FirstProjectTests.xctest */;
			productType = "com.apple.product-type.bundle.unit-test";
		};
		63C5890B1EEF6B7600A3A0D4 /* FirstProjectUITests */ = {
			isa = PBXNativeTarget;
			buildConfigurationList = 63C5891B1EEF6B7600A3A0D4 /* Build configuration list for PBXNativeTarget "FirstProjectUITests" */;
			buildPhases = (
				63C589081EEF6B7600A3A0D4 /* Sources */,
				63C589091EEF6B7600A3A0D4 /* Frameworks */,
				63C5890A1EEF6B7600A3A0D4 /* Resources */,
			);
			buildRules = (
			);
			dependencies = (
				63C5890E1EEF6B7600A3A0D4 /* PBXTargetDependency */,
			);
			name = FirstProjectUITests;
			productName = FirstProjectUITests;
			productReference = 63C5890C1EEF6B7600A3A0D4 /* FirstProjectUITests.xctest */;
			productType = "com.apple.product-type.bundle.ui-testing";
		};
/* End PBXNativeTarget section */

/* Begin PBXProject section */
		63C588E51EEF6B7600A3A0D4 /* Project object */ = {
			isa = PBXProject;
			attributes = {
				LastSwiftUpdateCheck = 0830;
				LastUpgradeCheck = 0830;
				ORGANIZATIONNAME = kanziw;
				TargetAttributes = {
					63C588EC1EEF6B7600A3A0D4 = {
						CreatedOnToolsVersion = 8.3.2;
						ProvisioningStyle = Automatic;
					};
					63C589001EEF6B7600A3A0D4 = {
						CreatedOnToolsVersion = 8.3.2;
						ProvisioningStyle = Automatic;
						TestTargetID = 63C588EC1EEF6B7600A3A0D4;
					};
					63C5890B1EEF6B7600A3A0D4 = {
						CreatedOnToolsVersion = 8.3.2;
						ProvisioningStyle = Automatic;
						TestTargetID = 63C588EC1EEF6B7600A3A0D4;
					};
				};
			};
			buildConfigurationList = 63C588E81EEF6B7600A3A0D4 /* Build configuration list for PBXProject "FirstProject" */;
			compatibilityVersion = "Xcode 3.2";
			developmentRegion = English;
			hasScannedForEncodings = 0;
			knownRegions = (
				en,
				Base,
			);
			mainGroup = 63C588E41EEF6B7600A3A0D4;
			productRefGroup = 63C588EE1EEF6B7600A3A0D4 /* Products */;
			projectDirPath = "";
			projectRoot = "";
			targets = (
				63C588EC1EEF6B7600A3A0D4 /* FirstProject */,
				63C589001EEF6B7600A3A0D4 /* FirstProjectTests */,
				63C5890B1EEF6B7600A3A0D4 /* FirstProjectUITests */,
			);
		};
/* End PBXProject section */

/* Begin PBXResourcesBuildPhase section */
		63C588EB1EEF6B7600A3A0D4 /* Resources */ = {
			isa = PBXResourcesBuildPhase;
			buildActionMask = 2147483647;
			files = (
				63C588FB1EEF6B7600A3A0D4 /* LaunchScreen.storyboard in Resources */,
				63C588F81EEF6B7600A3A0D4 /* Assets.xcassets in Resources */,
				63C588F61EEF6B7600A3A0D4 /* Main.storyboard in Resources */,
			);
			runOnlyForDeploymentPostprocessing = 0;
		};
		63C588FF1EEF6B7600A3A0D4 /* Resources */ = {
			isa = PBXResourcesBuildPhase;
			buildActionMask = 2147483647;
			files = (
			);
			runOnlyForDeploymentPostprocessing = 0;
		};
		63C5890A1EEF6B7600A3A0D4 /* Resources */ = {
			isa = PBXResourcesBuildPhase;
			buildActionMask = 2147483647;
			files = (
			);
			runOnlyForDeploymentPostprocessing = 0;
		};
/* End PBXResourcesBuildPhase section */

/* Begin PBXSourcesBuildPhase section */
		63C588E91EEF6B7600A3A0D4 /* Sources */ = {
			isa = PBXSourcesBuildPhase;
			buildActionMask = 2147483647;
			files = (
				63C588F31EEF6B7600A3A0D4 /* ViewController.swift in Sources */,
				63C588F11EEF6B7600A3A0D4 /* AppDelegate.swift in Sources */,
			);
			runOnlyForDeploymentPostprocessing = 0;
		};
		63C588FD1EEF6B7600A3A0D4 /* Sources */ = {
			isa = PBXSourcesBuildPhase;
			buildActionMask = 2147483647;
			files = (
				63C589061EEF6B7600A3A0D4 /* FirstProjectTests.swift in Sources */,
			);
			runOnlyForDeploymentPostprocessing = 0;
		};
		63C589081EEF6B7600A3A0D4 /* Sources */ = {
			isa = PBXSourcesBuildPhase;
			buildActionMask = 2147483647;
			files = (
				63C589111EEF6B7600A3A0D4 /* FirstProjectUITests.swift in Sources */,
			);
			runOnlyForDeploymentPostprocessing = 0;
		};
/* End PBXSourcesBuildPhase section */

/* Begin PBXTargetDependency section */
		63C589031EEF6B7600A3A0D4 /* PBXTargetDependency */ = {
			isa = PBXTargetDependency;
			target = 63C588EC1EEF6B7600A3A0D4 /* FirstProject */;
			targetProxy = 63C589021EEF6B7600A3A0D4 /* PBXContainerItemProxy */;
		};
		63C5890E1EEF6B7600A3A0D4 /* PBXTargetDependency */ = {
			isa = PBXTargetDependency;
			target = 63C588EC1EEF6B7600A3A0D4 /* FirstProject */;
			targetProxy = 63C5890D1EEF6B7600A3A0D4 /* PBXContainerItemProxy */;
		};
/* End PBXTargetDependency section */

/* Begin PBXVariantGroup section */
		63C588F41EEF6B7600A3A0D4 /* Main.storyboard */ = {
			isa = PBXVariantGroup;
			children = (
				63C588F51EEF6B7600A3A0D4 /* Base */,
			);
			name = Main.storyboard;
			sourceTree = "<group>";
		};
		63C588F91EEF6B7600A3A0D4 /* LaunchScreen.storyboard */ = {
			isa = PBXVariantGroup;
			children = (
				63C588FA1EEF6B7600A3A0D4 /* Base */,
			);
			name = LaunchScreen.storyboard;
			sourceTree = "<group>";
		};
/* End PBXVariantGroup section */

/* Begin XCBuildConfiguration section */
		63C589131EEF6B7600A3A0D4 /* Debug */ = {
			isa = XCBuildConfiguration;
			buildSettings = {
				ALWAYS_SEARCH_USER_PATHS = NO;
				CLANG_ANALYZER_NONNULL = YES;
				CLANG_ANALYZER_NUMBER_OBJECT_CONVERSION = YES_AGGRESSIVE;
				CLANG_CXX_LANGUAGE_STANDARD = "gnu++0x";
				CLANG_CXX_LIBRARY = "libc++";
				CLANG_ENABLE_MODULES = YES;
				CLANG_ENABLE_OBJC_ARC = YES;
				CLANG_WARN_BOOL_CONVERSION = YES;
				CLANG_WARN_CONSTANT_CONVERSION = YES;
				CLANG_WARN_DIRECT_OBJC_ISA_USAGE = YES_ERROR;
				CLANG_WARN_DOCUMENTATION_COMMENTS = YES;
				CLANG_WARN_EMPTY_BODY = YES;
				CLANG_WARN_ENUM_CONVERSION = YES;
				CLANG_WARN_INFINITE_RECURSION = YES;
				CLANG_WARN_INT_CONVERSION = YES;
				CLANG_WARN_OBJC_ROOT_CLASS = YES_ERROR;
				CLANG_WARN_SUSPICIOUS_MOVE = YES;
				CLANG_WARN_UNREACHABLE_CODE = YES;
				CLANG_WARN__DUPLICATE_METHOD_MATCH = YES;
				"CODE_SIGN_IDENTITY[sdk=iphoneos*]" = "iPhone Developer";
				COPY_PHASE_STRIP = NO;
				DEBUG_INFORMATION_FORMAT = dwarf;
				ENABLE_STRICT_OBJC_MSGSEND = YES;
				ENABLE_TESTABILITY = YES;
				GCC_C_LANGUAGE_STANDARD = gnu99;
				GCC_DYNAMIC_NO_PIC = NO;
				GCC_NO_COMMON_BLOCKS = YES;
				GCC_OPTIMIZATION_LEVEL = 0;
				GCC_PREPROCESSOR_DEFINITIONS = (
					"DEBUG=1",
					"$(inherited)",
				);
				GCC_WARN_64_TO_32_BIT_CONVERSION = YES;
				GCC_WARN_ABOUT_RETURN_TYPE = YES_ERROR;
				GCC_WARN_UNDECLARED_SELECTOR = YES;
				GCC_WARN_UNINITIALIZED_AUTOS = YES_AGGRESSIVE;
				GCC_WARN_UNUSED_FUNCTION = YES;
				GCC_WARN_UNUSED_VARIABLE = YES;
				IPHONEOS_DEPLOYMENT_TARGET = 10.3;
				MTL_ENABLE_DEBUG_INFO = YES;
				ONLY_ACTIVE_ARCH = YES;
				SDKROOT = iphoneos;
				SWIFT_ACTIVE_COMPILATION_CONDITIONS = DEBUG;
				SWIFT_OPTIMIZATION_LEVEL = "-Onone";
				TARGETED_DEVICE_FAMILY = "1,2";
			};
			name = Debug;
		};
		63C589141EEF6B7600A3A0D4 /* Release */ = {
			isa = XCBuildConfiguration;
			buildSettings = {
				ALWAYS_SEARCH_USER_PATHS = NO;
				CLANG_ANALYZER_NONNULL = YES;
				CLANG_ANALYZER_NUMBER_OBJECT_CONVERSION = YES_AGGRESSIVE;
				CLANG_CXX_LANGUAGE_STANDARD = "gnu++0x";
				CLANG_CXX_LIBRARY = "libc++";
				CLANG_ENABLE_MODULES = YES;
				CLANG_ENABLE_OBJC_ARC = YES;
				CLANG_WARN_BOOL_CONVERSION = YES;
				CLANG_WARN_CONSTANT_CONVERSION = YES;
				CLANG_WARN_DIRECT_OBJC_ISA_USAGE = YES_ERROR;
				CLANG_WARN_DOCUMENTATION_COMMENTS = YES;
				CLANG_WARN_EMPTY_BODY = YES;
				CLANG_WARN_ENUM_CONVERSION = YES;
				CLANG_WARN_INFINITE_RECURSION = YES;
				CLANG_WARN_INT_CONVERSION = YES;
				CLANG_WARN_OBJC_ROOT_CLASS = YES_ERROR;
				CLANG_WARN_SUSPICIOUS_MOVE = YES;
				CLANG_WARN_UNREACHABLE_CODE = YES;
				CLANG_WARN__DUPLICATE_METHOD_MATCH = YES;
				"CODE_SIGN_IDENTITY[sdk=iphoneos*]" = "iPhone Developer";
				COPY_PHASE_STRIP = NO;
				DEBUG_INFORMATION_FORMAT = "dwarf-with-dsym";
				ENABLE_NS_ASSERTIONS = NO;
				ENABLE_STRICT_OBJC_MSGSEND = YES;
				GCC_C_LANGUAGE_STANDARD = gnu99;
				GCC_NO_COMMON_BLOCKS = YES;
				GCC_WARN_64_TO_32_BIT_CONVERSION = YES;
				GCC_WARN_ABOUT_RETURN_TYPE = YES_ERROR;
				GCC_WARN_UNDECLARED_SELECTOR = YES;
				GCC_WARN_UNINITIALIZED_AUTOS = YES_AGGRESSIVE;
				GCC_WARN_UNUSED_FUNCTION = YES;
				GCC_WARN_UNUSED_VARIABLE = YES;
				IPHONEOS_DEPLOYMENT_TARGET = 10.3;
				MTL_ENABLE_DEBUG_INFO = NO;
				SDKROOT = iphoneos;
				SWIFT_OPTIMIZATION_LEVEL = "-Owholemodule";
				TARGETED_DEVICE_FAMILY = "1,2";
				VALIDATE_PRODUCT = YES;
			};
			name = Release;
		};
		63C589161EEF6B7600A3A0D4 /* Debug */ = {
			isa = XCBuildConfiguration;
			buildSettings = {
				ASSETCATALOG_COMPILER_APPICON_NAME = AppIcon;
				INFOPLIST_FILE = FirstProject/Info.plist;
				LD_RUNPATH_SEARCH_PATHS = "$(inherited) @executable_path/Frameworks";
				PRODUCT_BUNDLE_IDENTIFIER = com.kanziw.FirstProject;
				PRODUCT_NAME = "$(TARGET_NAME)";
				SWIFT_VERSION = 3.0;
			};
			name = Debug;
		};
		63C589171EEF6B7600A3A0D4 /* Release */ = {
			isa = XCBuildConfiguration;
			buildSettings = {
				ASSETCATALOG_COMPILER_APPICON_NAME = AppIcon;
				INFOPLIST_FILE = FirstProject/Info.plist;
				LD_RUNPATH_SEARCH_PATHS = "$(inherited) @executable_path/Frameworks";
				PRODUCT_BUNDLE_IDENTIFIER = com.kanziw.FirstProject;
				PRODUCT_NAME = "$(TARGET_NAME)";
				SWIFT_VERSION = 3.0;
			};
			name = Release;
		};
		63C589191EEF6B7600A3A0D4 /* Debug */ = {
			isa = XCBuildConfiguration;
			buildSettings = {
				ALWAYS_EMBED_SWIFT_STANDARD_LIBRARIES = YES;
				BUNDLE_LOADER = "$(TEST_HOST)";
				INFOPLIST_FILE = FirstProjectTests/Info.plist;
				LD_RUNPATH_SEARCH_PATHS = "$(inherited) @executable_path/Frameworks @loader_path/Frameworks";
				PRODUCT_BUNDLE_IDENTIFIER = com.kanziw.FirstProjectTests;
				PRODUCT_NAME = "$(TARGET_NAME)";
				SWIFT_VERSION = 3.0;
				TEST_HOST = "$(BUILT_PRODUCTS_DIR)/FirstProject.app/FirstProject";
			};
			name = Debug;
		};
		63C5891A1EEF6B7600A3A0D4 /* Release */ = {
			isa = XCBuildConfiguration;
			buildSettings = {
				ALWAYS_EMBED_SWIFT_STANDARD_LIBRARIES = YES;
				BUNDLE_LOADER = "$(TEST_HOST)";
				INFOPLIST_FILE = FirstProjectTests/Info.plist;
				LD_RUNPATH_SEARCH_PATHS = "$(inherited) @executable_path/Frameworks @loader_path/Frameworks";
				PRODUCT_BUNDLE_IDENTIFIER = com.kanziw.FirstProjectTests;
				PRODUCT_NAME = "$(TARGET_NAME)";
				SWIFT_VERSION = 3.0;
				TEST_HOST = "$(BUILT_PRODUCTS_DIR)/FirstProject.app/FirstProject";
			};
			name = Release;
		};
		63C5891C1EEF6B7600A3A0D4 /* Debug */ = {
			isa = XCBuildConfiguration;
			buildSettings = {
				ALWAYS_EMBED_SWIFT_STANDARD_LIBRARIES = YES;
				INFOPLIST_FILE = FirstProjectUITests/Info.plist;
				LD_RUNPATH_SEARCH_PATHS = "$(inherited) @executable_path/Frameworks @loader_path/Frameworks";
				PRODUCT_BUNDLE_IDENTIFIER = com.kanziw.FirstProjectUITests;
				PRODUCT_NAME = "$(TARGET_NAME)";
				SWIFT_VERSION = 3.0;
				TEST_TARGET_NAME = FirstProject;
			};
			name = Debug;
		};
		63C5891D1EEF6B7600A3A0D4 /* Release */ = {
			isa = XCBuildConfiguration;
			buildSettings = {
				ALWAYS_EMBED_SWIFT_STANDARD_LIBRARIES = YES;
				INFOPLIST_FILE = FirstProjectUITests/Info.plist;
				LD_RUNPATH_SEARCH_PATHS = "$(inherited) @executable_path/Frameworks @loader_path/Frameworks";
				PRODUCT_BUNDLE_IDENTIFIER = com.kanziw.FirstProjectUITests;
				PRODUCT_NAME = "$(TARGET_NAME)";
				SWIFT_VERSION = 3.0;
				TEST_TARGET_NAME = FirstProject;
			};
			name = Release;
		};
/* End XCBuildConfiguration section */

/* Begin XCConfigurationList section */
		63C588E81EEF6B7600A3A0D4 /* Build configuration list for PBXProject "FirstProject" */ = {
			isa = XCConfigurationList;
			buildConfigurations = (
				63C589131EEF6B7600A3A0D4 /* Debug */,
				63C589141EEF6B7600A3A0D4 /* Release */,
			);
			defaultConfigurationIsVisible = 0;
			defaultConfigurationName = Release;
		};
		63C589151EEF6B7600A3A0D4 /* Build configuration list for PBXNativeTarget "FirstProject" */ = {
			isa = XCConfigurationList;
			buildConfigurations = (
				63C589161EEF6B7600A3A0D4 /* Debug */,
				63C589171EEF6B7600A3A0D4 /* Release */,
			);
			defaultConfigurationIsVisible = 0;
		};
		63C589181EEF6B7600A3A0D4 /* Build configuration list for PBXNativeTarget "FirstProjectTests" */ = {
			isa = XCConfigurationList;
			buildConfigurations = (
				63C589191EEF6B7600A3A0D4 /* Debug */,
				63C5891A1EEF6B7600A3A0D4 /* Release */,
			);
			defaultConfigurationIsVisible = 0;
		};
		63C5891B1EEF6B7600A3A0D4 /* Build configuration list for PBXNativeTarget "FirstProjectUITests" */ = {
			isa = XCConfigurationList;
			buildConfigurations = (
				63C5891C1EEF6B7600A3A0D4 /* Debug */,
				63C5891D1EEF6B7600A3A0D4 /* Release */,
			);
			defaultConfigurationIsVisible = 0;
		};
/* End XCConfigurationList section */
	};
	rootObject = 63C588E51EEF6B7600A3A0D4 /* Project object */;
}
