// !$*UTF8*$!
{
	archiveVersion = 1;
	classes = {
	};
	objectVersion = 46;
	objects = {

/* Begin PBXBuildFile section */
		63A12A6D1EFB423F00845452 /* AppDelegate.swift in Sources */ = {isa = PBXBuildFile; fileRef = 63A12A6C1EFB423F00845452 /* AppDelegate.swift */; };
		63A12A6F1EFB423F00845452 /* ViewController.swift in Sources */ = {isa = PBXBuildFile; fileRef = 63A12A6E1EFB423F00845452 /* ViewController.swift */; };
		63A12A721EFB423F00845452 /* Main.storyboard in Resources */ = {isa = PBXBuildFile; fileRef = 63A12A701EFB423F00845452 /* Main.storyboard */; };
		63A12A741EFB423F00845452 /* Assets.xcassets in Resources */ = {isa = PBXBuildFile; fileRef = 63A12A731EFB423F00845452 /* Assets.xcassets */; };
		63A12A771EFB423F00845452 /* LaunchScreen.storyboard in Resources */ = {isa = PBXBuildFile; fileRef = 63A12A751EFB423F00845452 /* LaunchScreen.storyboard */; };
		63A12A821EFB423F00845452 /* InterfaceBuilderExampleTests.swift in Sources */ = {isa = PBXBuildFile; fileRef = 63A12A811EFB423F00845452 /* InterfaceBuilderExampleTests.swift */; };
/* End PBXBuildFile section */

/* Begin PBXContainerItemProxy section */
		63A12A7E1EFB423F00845452 /* PBXContainerItemProxy */ = {
			isa = PBXContainerItemProxy;
			containerPortal = 63A12A611EFB423F00845452 /* Project object */;
			proxyType = 1;
			remoteGlobalIDString = 63A12A681EFB423F00845452;
			remoteInfo = InterfaceBuilderExample;
		};
/* End PBXContainerItemProxy section */

/* Begin PBXFileReference section */
		63A12A691EFB423F00845452 /* InterfaceBuilderExample.app */ = {isa = PBXFileReference; explicitFileType = wrapper.application; includeInIndex = 0; path = InterfaceBuilderExample.app; sourceTree = BUILT_PRODUCTS_DIR; };
		63A12A6C1EFB423F00845452 /* AppDelegate.swift */ = {isa = PBXFileReference; lastKnownFileType = sourcecode.swift; path = AppDelegate.swift; sourceTree = "<group>"; };
		63A12A6E1EFB423F00845452 /* ViewController.swift */ = {isa = PBXFileReference; lastKnownFileType = sourcecode.swift; path = ViewController.swift; sourceTree = "<group>"; };
		63A12A711EFB423F00845452 /* Base */ = {isa = PBXFileReference; lastKnownFileType = file.storyboard; name = Base; path = Base.lproj/Main.storyboard; sourceTree = "<group>"; };
		63A12A731EFB423F00845452 /* Assets.xcassets */ = {isa = PBXFileReference; lastKnownFileType = folder.assetcatalog; path = Assets.xcassets; sourceTree = "<group>"; };
		63A12A761EFB423F00845452 /* Base */ = {isa = PBXFileReference; lastKnownFileType = file.storyboard; name = Base; path = Base.lproj/LaunchScreen.storyboard; sourceTree = "<group>"; };
		63A12A781EFB423F00845452 /* Info.plist */ = {isa = PBXFileReference; lastKnownFileType = text.plist.xml; path = Info.plist; sourceTree = "<group>"; };
		63A12A7D1EFB423F00845452 /* InterfaceBuilderExampleTests.xctest */ = {isa = PBXFileReference; explicitFileType = wrapper.cfbundle; includeInIndex = 0; path = InterfaceBuilderExampleTests.xctest; sourceTree = BUILT_PRODUCTS_DIR; };
		63A12A811EFB423F00845452 /* InterfaceBuilderExampleTests.swift */ = {isa = PBXFileReference; lastKnownFileType = sourcecode.swift; path = InterfaceBuilderExampleTests.swift; sourceTree = "<group>"; };
		63A12A831EFB423F00845452 /* Info.plist */ = {isa = PBXFileReference; lastKnownFileType = text.plist.xml; path = Info.plist; sourceTree = "<group>"; };
/* End PBXFileReference section */

/* Begin PBXFrameworksBuildPhase section */
		63A12A661EFB423F00845452 /* Frameworks */ = {
			isa = PBXFrameworksBuildPhase;
			buildActionMask = 2147483647;
			files = (
			);
			runOnlyForDeploymentPostprocessing = 0;
		};
		63A12A7A1EFB423F00845452 /* Frameworks */ = {
			isa = PBXFrameworksBuildPhase;
			buildActionMask = 2147483647;
			files = (
			);
			runOnlyForDeploymentPostprocessing = 0;
		};
/* End PBXFrameworksBuildPhase section */

/* Begin PBXGroup section */
		63A12A601EFB423F00845452 = {
			isa = PBXGroup;
			children = (
				63A12A6B1EFB423F00845452 /* InterfaceBuilderExample */,
				63A12A801EFB423F00845452 /* InterfaceBuilderExampleTests */,
				63A12A6A1EFB423F00845452 /* Products */,
			);
			sourceTree = "<group>";
		};
		63A12A6A1EFB423F00845452 /* Products */ = {
			isa = PBXGroup;
			children = (
				63A12A691EFB423F00845452 /* InterfaceBuilderExample.app */,
				63A12A7D1EFB423F00845452 /* InterfaceBuilderExampleTests.xctest */,
			);
			name = Products;
			sourceTree = "<group>";
		};
		63A12A6B1EFB423F00845452 /* InterfaceBuilderExample */ = {
			isa = PBXGroup;
			children = (
				63A12A6C1EFB423F00845452 /* AppDelegate.swift */,
				63A12A6E1EFB423F00845452 /* ViewController.swift */,
				63A12A701EFB423F00845452 /* Main.storyboard */,
				63A12A731EFB423F00845452 /* Assets.xcassets */,
				63A12A751EFB423F00845452 /* LaunchScreen.storyboard */,
				63A12A781EFB423F00845452 /* Info.plist */,
			);
			path = InterfaceBuilderExample;
			sourceTree = "<group>";
		};
		63A12A801EFB423F00845452 /* InterfaceBuilderExampleTests */ = {
			isa = PBXGroup;
			children = (
				63A12A811EFB423F00845452 /* InterfaceBuilderExampleTests.swift */,
				63A12A831EFB423F00845452 /* Info.plist */,
			);
			path = InterfaceBuilderExampleTests;
			sourceTree = "<group>";
		};
/* End PBXGroup section */

/* Begin PBXNativeTarget section */
		63A12A681EFB423F00845452 /* InterfaceBuilderExample */ = {
			isa = PBXNativeTarget;
			buildConfigurationList = 63A12A861EFB423F00845452 /* Build configuration list for PBXNativeTarget "InterfaceBuilderExample" */;
			buildPhases = (
				63A12A651EFB423F00845452 /* Sources */,
				63A12A661EFB423F00845452 /* Frameworks */,
				63A12A671EFB423F00845452 /* Resources */,
			);
			buildRules = (
			);
			dependencies = (
			);
			name = InterfaceBuilderExample;
			productName = InterfaceBuilderExample;
			productReference = 63A12A691EFB423F00845452 /* InterfaceBuilderExample.app */;
			productType = "com.apple.product-type.application";
		};
		63A12A7C1EFB423F00845452 /* InterfaceBuilderExampleTests */ = {
			isa = PBXNativeTarget;
			buildConfigurationList = 63A12A891EFB423F00845452 /* Build configuration list for PBXNativeTarget "InterfaceBuilderExampleTests" */;
			buildPhases = (
				63A12A791EFB423F00845452 /* Sources */,
				63A12A7A1EFB423F00845452 /* Frameworks */,
				63A12A7B1EFB423F00845452 /* Resources */,
			);
			buildRules = (
			);
			dependencies = (
				63A12A7F1EFB423F00845452 /* PBXTargetDependency */,
			);
			name = InterfaceBuilderExampleTests;
			productName = InterfaceBuilderExampleTests;
			productReference = 63A12A7D1EFB423F00845452 /* InterfaceBuilderExampleTests.xctest */;
			productType = "com.apple.product-type.bundle.unit-test";
		};
/* End PBXNativeTarget section */

/* Begin PBXProject section */
		63A12A611EFB423F00845452 /* Project object */ = {
			isa = PBXProject;
			attributes = {
				LastSwiftUpdateCheck = 0830;
				LastUpgradeCheck = 0830;
				ORGANIZATIONNAME = kanziw;
				TargetAttributes = {
					63A12A681EFB423F00845452 = {
						CreatedOnToolsVersion = 8.3.2;
						ProvisioningStyle = Automatic;
					};
					63A12A7C1EFB423F00845452 = {
						CreatedOnToolsVersion = 8.3.2;
						ProvisioningStyle = Automatic;
						TestTargetID = 63A12A681EFB423F00845452;
					};
				};
			};
			buildConfigurationList = 63A12A641EFB423F00845452 /* Build configuration list for PBXProject "InterfaceBuilderExample" */;
			compatibilityVersion = "Xcode 3.2";
			developmentRegion = English;
			hasScannedForEncodings = 0;
			knownRegions = (
				en,
				Base,
			);
			mainGroup = 63A12A601EFB423F00845452;
			productRefGroup = 63A12A6A1EFB423F00845452 /* Products */;
			projectDirPath = "";
			projectRoot = "";
			targets = (
				63A12A681EFB423F00845452 /* InterfaceBuilderExample */,
				63A12A7C1EFB423F00845452 /* InterfaceBuilderExampleTests */,
			);
		};
/* End PBXProject section */

/* Begin PBXResourcesBuildPhase section */
		63A12A671EFB423F00845452 /* Resources */ = {
			isa = PBXResourcesBuildPhase;
			buildActionMask = 2147483647;
			files = (
				63A12A771EFB423F00845452 /* LaunchScreen.storyboard in Resources */,
				63A12A741EFB423F00845452 /* Assets.xcassets in Resources */,
				63A12A721EFB423F00845452 /* Main.storyboard in Resources */,
			);
			runOnlyForDeploymentPostprocessing = 0;
		};
		63A12A7B1EFB423F00845452 /* Resources */ = {
			isa = PBXResourcesBuildPhase;
			buildActionMask = 2147483647;
			files = (
			);
			runOnlyForDeploymentPostprocessing = 0;
		};
/* End PBXResourcesBuildPhase section */

/* Begin PBXSourcesBuildPhase section */
		63A12A651EFB423F00845452 /* Sources */ = {
			isa = PBXSourcesBuildPhase;
			buildActionMask = 2147483647;
			files = (
				63A12A6F1EFB423F00845452 /* ViewController.swift in Sources */,
				63A12A6D1EFB423F00845452 /* AppDelegate.swift in Sources */,
			);
			runOnlyForDeploymentPostprocessing = 0;
		};
		63A12A791EFB423F00845452 /* Sources */ = {
			isa = PBXSourcesBuildPhase;
			buildActionMask = 2147483647;
			files = (
				63A12A821EFB423F00845452 /* InterfaceBuilderExampleTests.swift in Sources */,
			);
			runOnlyForDeploymentPostprocessing = 0;
		};
/* End PBXSourcesBuildPhase section */

/* Begin PBXTargetDependency section */
		63A12A7F1EFB423F00845452 /* PBXTargetDependency */ = {
			isa = PBXTargetDependency;
			target = 63A12A681EFB423F00845452 /* InterfaceBuilderExample */;
			targetProxy = 63A12A7E1EFB423F00845452 /* PBXContainerItemProxy */;
		};
/* End PBXTargetDependency section */

/* Begin PBXVariantGroup section */
		63A12A701EFB423F00845452 /* Main.storyboard */ = {
			isa = PBXVariantGroup;
			children = (
				63A12A711EFB423F00845452 /* Base */,
			);
			name = Main.storyboard;
			sourceTree = "<group>";
		};
		63A12A751EFB423F00845452 /* LaunchScreen.storyboard */ = {
			isa = PBXVariantGroup;
			children = (
				63A12A761EFB423F00845452 /* Base */,
			);
			name = LaunchScreen.storyboard;
			sourceTree = "<group>";
		};
/* End PBXVariantGroup section */

/* Begin XCBuildConfiguration section */
		63A12A841EFB423F00845452 /* Debug */ = {
			isa = XCBuildConfiguration;
			buildSettings = {
				ALWAYS_SEARCH_USER_PATHS = NO;
				CLANG_ANALYZER_NONNULL = YES;
				CLANG_ANALYZER_NUMBER_OBJECT_CONVERSION = YES_AGGRESSIVE;
				CLANG_CXX_LANGUAGE_STANDARD = "gnu++0x";
				CLANG_CXX_LIBRARY = "libc++";
				CLANG_ENABLE_MODULES = YES;
				CLANG_ENABLE_OBJC_ARC = YES;
				CLANG_WARN_BOOL_CONVERSION = YES;
				CLANG_WARN_CONSTANT_CONVERSION = YES;
				CLANG_WARN_DIRECT_OBJC_ISA_USAGE = YES_ERROR;
				CLANG_WARN_DOCUMENTATION_COMMENTS = YES;
				CLANG_WARN_EMPTY_BODY = YES;
				CLANG_WARN_ENUM_CONVERSION = YES;
				CLANG_WARN_INFINITE_RECURSION = YES;
				CLANG_WARN_INT_CONVERSION = YES;
				CLANG_WARN_OBJC_ROOT_CLASS = YES_ERROR;
				CLANG_WARN_SUSPICIOUS_MOVE = YES;
				CLANG_WARN_UNREACHABLE_CODE = YES;
				CLANG_WARN__DUPLICATE_METHOD_MATCH = YES;
				"CODE_SIGN_IDENTITY[sdk=iphoneos*]" = "iPhone Developer";
				COPY_PHASE_STRIP = NO;
				DEBUG_INFORMATION_FORMAT = dwarf;
				ENABLE_STRICT_OBJC_MSGSEND = YES;
				ENABLE_TESTABILITY = YES;
				GCC_C_LANGUAGE_STANDARD = gnu99;
				GCC_DYNAMIC_NO_PIC = NO;
				GCC_NO_COMMON_BLOCKS = YES;
				GCC_OPTIMIZATION_LEVEL = 0;
				GCC_PREPROCESSOR_DEFINITIONS = (
					"DEBUG=1",
					"$(inherited)",
				);
				GCC_WARN_64_TO_32_BIT_CONVERSION = YES;
				GCC_WARN_ABOUT_RETURN_TYPE = YES_ERROR;
				GCC_WARN_UNDECLARED_SELECTOR = YES;
				GCC_WARN_UNINITIALIZED_AUTOS = YES_AGGRESSIVE;
				GCC_WARN_UNUSED_FUNCTION = YES;
				GCC_WARN_UNUSED_VARIABLE = YES;
				IPHONEOS_DEPLOYMENT_TARGET = 10.3;
				MTL_ENABLE_DEBUG_INFO = YES;
				ONLY_ACTIVE_ARCH = YES;
				SDKROOT = iphoneos;
				SWIFT_ACTIVE_COMPILATION_CONDITIONS = DEBUG;
				SWIFT_OPTIMIZATION_LEVEL = "-Onone";
				TARGETED_DEVICE_FAMILY = "1,2";
			};
			name = Debug;
		};
		63A12A851EFB423F00845452 /* Release */ = {
			isa = XCBuildConfiguration;
			buildSettings = {
				ALWAYS_SEARCH_USER_PATHS = NO;
				CLANG_ANALYZER_NONNULL = YES;
				CLANG_ANALYZER_NUMBER_OBJECT_CONVERSION = YES_AGGRESSIVE;
				CLANG_CXX_LANGUAGE_STANDARD = "gnu++0x";
				CLANG_CXX_LIBRARY = "libc++";
				CLANG_ENABLE_MODULES = YES;
				CLANG_ENABLE_OBJC_ARC = YES;
				CLANG_WARN_BOOL_CONVERSION = YES;
				CLANG_WARN_CONSTANT_CONVERSION = YES;
				CLANG_WARN_DIRECT_OBJC_ISA_USAGE = YES_ERROR;
				CLANG_WARN_DOCUMENTATION_COMMENTS = YES;
				CLANG_WARN_EMPTY_BODY = YES;
				CLANG_WARN_ENUM_CONVERSION = YES;
				CLANG_WARN_INFINITE_RECURSION = YES;
				CLANG_WARN_INT_CONVERSION = YES;
				CLANG_WARN_OBJC_ROOT_CLASS = YES_ERROR;
				CLANG_WARN_SUSPICIOUS_MOVE = YES;
				CLANG_WARN_UNREACHABLE_CODE = YES;
				CLANG_WARN__DUPLICATE_METHOD_MATCH = YES;
				"CODE_SIGN_IDENTITY[sdk=iphoneos*]" = "iPhone Developer";
				COPY_PHASE_STRIP = NO;
				DEBUG_INFORMATION_FORMAT = "dwarf-with-dsym";
				ENABLE_NS_ASSERTIONS = NO;
				ENABLE_STRICT_OBJC_MSGSEND = YES;
				GCC_C_LANGUAGE_STANDARD = gnu99;
				GCC_NO_COMMON_BLOCKS = YES;
				GCC_WARN_64_TO_32_BIT_CONVERSION = YES;
				GCC_WARN_ABOUT_RETURN_TYPE = YES_ERROR;
				GCC_WARN_UNDECLARED_SELECTOR = YES;
				GCC_WARN_UNINITIALIZED_AUTOS = YES_AGGRESSIVE;
				GCC_WARN_UNUSED_FUNCTION = YES;
				GCC_WARN_UNUSED_VARIABLE = YES;
				IPHONEOS_DEPLOYMENT_TARGET = 10.3;
				MTL_ENABLE_DEBUG_INFO = NO;
				SDKROOT = iphoneos;
				SWIFT_OPTIMIZATION_LEVEL = "-Owholemodule";
				TARGETED_DEVICE_FAMILY = "1,2";
				VALIDATE_PRODUCT = YES;
			};
			name = Release;
		};
		63A12A871EFB423F00845452 /* Debug */ = {
			isa = XCBuildConfiguration;
			buildSettings = {
				ASSETCATALOG_COMPILER_APPICON_NAME = AppIcon;
				INFOPLIST_FILE = InterfaceBuilderExample/Info.plist;
				LD_RUNPATH_SEARCH_PATHS = "$(inherited) @executable_path/Frameworks";
				PRODUCT_BUNDLE_IDENTIFIER = com.kanziw.InterfaceBuilderExample;
				PRODUCT_NAME = "$(TARGET_NAME)";
				SWIFT_VERSION = 3.0;
			};
			name = Debug;
		};
		63A12A881EFB423F00845452 /* Release */ = {
			isa = XCBuildConfiguration;
			buildSettings = {
				ASSETCATALOG_COMPILER_APPICON_NAME = AppIcon;
				INFOPLIST_FILE = InterfaceBuilderExample/Info.plist;
				LD_RUNPATH_SEARCH_PATHS = "$(inherited) @executable_path/Frameworks";
				PRODUCT_BUNDLE_IDENTIFIER = com.kanziw.InterfaceBuilderExample;
				PRODUCT_NAME = "$(TARGET_NAME)";
				SWIFT_VERSION = 3.0;
			};
			name = Release;
		};
		63A12A8A1EFB423F00845452 /* Debug */ = {
			isa = XCBuildConfiguration;
			buildSettings = {
				ALWAYS_EMBED_SWIFT_STANDARD_LIBRARIES = YES;
				BUNDLE_LOADER = "$(TEST_HOST)";
				INFOPLIST_FILE = InterfaceBuilderExampleTests/Info.plist;
				LD_RUNPATH_SEARCH_PATHS = "$(inherited) @executable_path/Frameworks @loader_path/Frameworks";
				PRODUCT_BUNDLE_IDENTIFIER = com.kanziw.InterfaceBuilderExampleTests;
				PRODUCT_NAME = "$(TARGET_NAME)";
				SWIFT_VERSION = 3.0;
				TEST_HOST = "$(BUILT_PRODUCTS_DIR)/InterfaceBuilderExample.app/InterfaceBuilderExample";
			};
			name = Debug;
		};
		63A12A8B1EFB423F00845452 /* Release */ = {
			isa = XCBuildConfiguration;
			buildSettings = {
				ALWAYS_EMBED_SWIFT_STANDARD_LIBRARIES = YES;
				BUNDLE_LOADER = "$(TEST_HOST)";
				INFOPLIST_FILE = InterfaceBuilderExampleTests/Info.plist;
				LD_RUNPATH_SEARCH_PATHS = "$(inherited) @executable_path/Frameworks @loader_path/Frameworks";
				PRODUCT_BUNDLE_IDENTIFIER = com.kanziw.InterfaceBuilderExampleTests;
				PRODUCT_NAME = "$(TARGET_NAME)";
				SWIFT_VERSION = 3.0;
				TEST_HOST = "$(BUILT_PRODUCTS_DIR)/InterfaceBuilderExample.app/InterfaceBuilderExample";
			};
			name = Release;
		};
/* End XCBuildConfiguration section */

/* Begin XCConfigurationList section */
		63A12A641EFB423F00845452 /* Build configuration list for PBXProject "InterfaceBuilderExample" */ = {
			isa = XCConfigurationList;
			buildConfigurations = (
				63A12A841EFB423F00845452 /* Debug */,
				63A12A851EFB423F00845452 /* Release */,
			);
			defaultConfigurationIsVisible = 0;
			defaultConfigurationName = Release;
		};
		63A12A861EFB423F00845452 /* Build configuration list for PBXNativeTarget "InterfaceBuilderExample" */ = {
			isa = XCConfigurationList;
			buildConfigurations = (
				63A12A871EFB423F00845452 /* Debug */,
				63A12A881EFB423F00845452 /* Release */,
			);
			defaultConfigurationIsVisible = 0;
		};
		63A12A891EFB423F00845452 /* Build configuration list for PBXNativeTarget "InterfaceBuilderExampleTests" */ = {
			isa = XCConfigurationList;
			buildConfigurations = (
				63A12A8A1EFB423F00845452 /* Debug */,
				63A12A8B1EFB423F00845452 /* Release */,
			);
			defaultConfigurationIsVisible = 0;
		};
/* End XCConfigurationList section */
	};
	rootObject = 63A12A611EFB423F00845452 /* Project object */;
}
